// !$*UTF8*$!
{
	archiveVersion = 1;
	classes = {
	};
	objectVersion = 48;
	objects = {

/* Begin PBXBuildFile section */
		D60F56DC206E30BC00C229DD /* AppDelegate.m in Sources */ = {isa = PBXBuildFile; fileRef = D60F56DB206E30BC00C229DD /* AppDelegate.m */; };
		D60F56DF206E30BC00C229DD /* ViewController.m in Sources */ = {isa = PBXBuildFile; fileRef = D60F56DE206E30BC00C229DD /* ViewController.m */; };
		D60F56E2206E30BC00C229DD /* Main.storyboard in Resources */ = {isa = PBXBuildFile; fileRef = D60F56E0206E30BC00C229DD /* Main.storyboard */; };
		D60F56E4206E30BC00C229DD /* Assets.xcassets in Resources */ = {isa = PBXBuildFile; fileRef = D60F56E3206E30BC00C229DD /* Assets.xcassets */; };
		D60F56E7206E30BC00C229DD /* LaunchScreen.storyboard in Resources */ = {isa = PBXBuildFile; fileRef = D60F56E5206E30BC00C229DD /* LaunchScreen.storyboard */; };
		D60F56EA206E30BC00C229DD /* main.m in Sources */ = {isa = PBXBuildFile; fileRef = D60F56E9206E30BC00C229DD /* main.m */; };
		D60F56F4206E30BC00C229DD /* UploadDownloadTests.m in Sources */ = {isa = PBXBuildFile; fileRef = D60F56F3206E30BC00C229DD /* UploadDownloadTests.m */; };
		D60F56FF206E30BC00C229DD /* UploadDownloadUITests.m in Sources */ = {isa = PBXBuildFile; fileRef = D60F56FE206E30BC00C229DD /* UploadDownloadUITests.m */; };
/* End PBXBuildFile section */

/* Begin PBXContainerItemProxy section */
		D60F56F0206E30BC00C229DD /* PBXContainerItemProxy */ = {
			isa = PBXContainerItemProxy;
			containerPortal = D60F56CF206E30BC00C229DD /* Project object */;
			proxyType = 1;
			remoteGlobalIDString = D60F56D6206E30BC00C229DD;
			remoteInfo = UploadDownload;
		};
		D60F56FB206E30BC00C229DD /* PBXContainerItemProxy */ = {
			isa = PBXContainerItemProxy;
			containerPortal = D60F56CF206E30BC00C229DD /* Project object */;
			proxyType = 1;
			remoteGlobalIDString = D60F56D6206E30BC00C229DD;
			remoteInfo = UploadDownload;
		};
/* End PBXContainerItemProxy section */

/* Begin PBXFileReference section */
		D60F56D7206E30BC00C229DD /* UploadDownload.app */ = {isa = PBXFileReference; explicitFileType = wrapper.application; includeInIndex = 0; path = UploadDownload.app; sourceTree = BUILT_PRODUCTS_DIR; };
		D60F56DA206E30BC00C229DD /* AppDelegate.h */ = {isa = PBXFileReference; lastKnownFileType = sourcecode.c.h; path = AppDelegate.h; sourceTree = "<group>"; };
		D60F56DB206E30BC00C229DD /* AppDelegate.m */ = {isa = PBXFileReference; lastKnownFileType = sourcecode.c.objc; path = AppDelegate.m; sourceTree = "<group>"; };
		D60F56DD206E30BC00C229DD /* ViewController.h */ = {isa = PBXFileReference; lastKnownFileType = sourcecode.c.h; path = ViewController.h; sourceTree = "<group>"; };
		D60F56DE206E30BC00C229DD /* ViewController.m */ = {isa = PBXFileReference; lastKnownFileType = sourcecode.c.objc; path = ViewController.m; sourceTree = "<group>"; };
		D60F56E1206E30BC00C229DD /* Base */ = {isa = PBXFileReference; lastKnownFileType = file.storyboard; name = Base; path = Base.lproj/Main.storyboard; sourceTree = "<group>"; };
		D60F56E3206E30BC00C229DD /* Assets.xcassets */ = {isa = PBXFileReference; lastKnownFileType = folder.assetcatalog; path = Assets.xcassets; sourceTree = "<group>"; };
		D60F56E6206E30BC00C229DD /* Base */ = {isa = PBXFileReference; lastKnownFileType = file.storyboard; name = Base; path = Base.lproj/LaunchScreen.storyboard; sourceTree = "<group>"; };
		D60F56E8206E30BC00C229DD /* Info.plist */ = {isa = PBXFileReference; lastKnownFileType = text.plist.xml; path = Info.plist; sourceTree = "<group>"; };
		D60F56E9206E30BC00C229DD /* main.m */ = {isa = PBXFileReference; lastKnownFileType = sourcecode.c.objc; path = main.m; sourceTree = "<group>"; };
		D60F56EF206E30BC00C229DD /* UploadDownloadTests.xctest */ = {isa = PBXFileReference; explicitFileType = wrapper.cfbundle; includeInIndex = 0; path = UploadDownloadTests.xctest; sourceTree = BUILT_PRODUCTS_DIR; };
		D60F56F3206E30BC00C229DD /* UploadDownloadTests.m */ = {isa = PBXFileReference; lastKnownFileType = sourcecode.c.objc; path = UploadDownloadTests.m; sourceTree = "<group>"; };
		D60F56F5206E30BC00C229DD /* Info.plist */ = {isa = PBXFileReference; lastKnownFileType = text.plist.xml; path = Info.plist; sourceTree = "<group>"; };
		D60F56FA206E30BC00C229DD /* UploadDownloadUITests.xctest */ = {isa = PBXFileReference; explicitFileType = wrapper.cfbundle; includeInIndex = 0; path = UploadDownloadUITests.xctest; sourceTree = BUILT_PRODUCTS_DIR; };
		D60F56FE206E30BC00C229DD /* UploadDownloadUITests.m */ = {isa = PBXFileReference; lastKnownFileType = sourcecode.c.objc; path = UploadDownloadUITests.m; sourceTree = "<group>"; };
		D60F5700206E30BC00C229DD /* Info.plist */ = {isa = PBXFileReference; lastKnownFileType = text.plist.xml; path = Info.plist; sourceTree = "<group>"; };
/* End PBXFileReference section */

/* Begin PBXFrameworksBuildPhase section */
		D60F56D4206E30BC00C229DD /* Frameworks */ = {
			isa = PBXFrameworksBuildPhase;
			buildActionMask = 2147483647;
			files = (
			);
			runOnlyForDeploymentPostprocessing = 0;
		};
		D60F56EC206E30BC00C229DD /* Frameworks */ = {
			isa = PBXFrameworksBuildPhase;
			buildActionMask = 2147483647;
			files = (
			);
			runOnlyForDeploymentPostprocessing = 0;
		};
		D60F56F7206E30BC00C229DD /* Frameworks */ = {
			isa = PBXFrameworksBuildPhase;
			buildActionMask = 2147483647;
			files = (
			);
			runOnlyForDeploymentPostprocessing = 0;
		};
/* End PBXFrameworksBuildPhase section */

/* Begin PBXGroup section */
		D60F56CE206E30BC00C229DD = {
			isa = PBXGroup;
			children = (
				D60F56D9206E30BC00C229DD /* UploadDownload */,
				D60F56F2206E30BC00C229DD /* UploadDownloadTests */,
				D60F56FD206E30BC00C229DD /* UploadDownloadUITests */,
				D60F56D8206E30BC00C229DD /* Products */,
			);
			sourceTree = "<group>";
		};
		D60F56D8206E30BC00C229DD /* Products */ = {
			isa = PBXGroup;
			children = (
				D60F56D7206E30BC00C229DD /* UploadDownload.app */,
				D60F56EF206E30BC00C229DD /* UploadDownloadTests.xctest */,
				D60F56FA206E30BC00C229DD /* UploadDownloadUITests.xctest */,
			);
			name = Products;
			sourceTree = "<group>";
		};
		D60F56D9206E30BC00C229DD /* UploadDownload */ = {
			isa = PBXGroup;
			children = (
				D60F56DA206E30BC00C229DD /* AppDelegate.h */,
				D60F56DB206E30BC00C229DD /* AppDelegate.m */,
				D60F56DD206E30BC00C229DD /* ViewController.h */,
				D60F56DE206E30BC00C229DD /* ViewController.m */,
				D60F56E0206E30BC00C229DD /* Main.storyboard */,
				D60F56E3206E30BC00C229DD /* Assets.xcassets */,
				D60F56E5206E30BC00C229DD /* LaunchScreen.storyboard */,
				D60F56E8206E30BC00C229DD /* Info.plist */,
				D60F56E9206E30BC00C229DD /* main.m */,
			);
			path = UploadDownload;
			sourceTree = "<group>";
		};
		D60F56F2206E30BC00C229DD /* UploadDownloadTests */ = {
			isa = PBXGroup;
			children = (
				D60F56F3206E30BC00C229DD /* UploadDownloadTests.m */,
				D60F56F5206E30BC00C229DD /* Info.plist */,
			);
			path = UploadDownloadTests;
			sourceTree = "<group>";
		};
		D60F56FD206E30BC00C229DD /* UploadDownloadUITests */ = {
			isa = PBXGroup;
			children = (
				D60F56FE206E30BC00C229DD /* UploadDownloadUITests.m */,
				D60F5700206E30BC00C229DD /* Info.plist */,
			);
			path = UploadDownloadUITests;
			sourceTree = "<group>";
		};
/* End PBXGroup section */

/* Begin PBXNativeTarget section */
		D60F56D6206E30BC00C229DD /* UploadDownload */ = {
			isa = PBXNativeTarget;
			buildConfigurationList = D60F5703206E30BC00C229DD /* Build configuration list for PBXNativeTarget "UploadDownload" */;
			buildPhases = (
				D60F56D3206E30BC00C229DD /* Sources */,
				D60F56D4206E30BC00C229DD /* Frameworks */,
				D60F56D5206E30BC00C229DD /* Resources */,
			);
			buildRules = (
			);
			dependencies = (
			);
			name = UploadDownload;
			productName = UploadDownload;
			productReference = D60F56D7206E30BC00C229DD /* UploadDownload.app */;
			productType = "com.apple.product-type.application";
		};
		D60F56EE206E30BC00C229DD /* UploadDownloadTests */ = {
			isa = PBXNativeTarget;
			buildConfigurationList = D60F5706206E30BC00C229DD /* Build configuration list for PBXNativeTarget "UploadDownloadTests" */;
			buildPhases = (
				D60F56EB206E30BC00C229DD /* Sources */,
				D60F56EC206E30BC00C229DD /* Frameworks */,
				D60F56ED206E30BC00C229DD /* Resources */,
			);
			buildRules = (
			);
			dependencies = (
				D60F56F1206E30BC00C229DD /* PBXTargetDependency */,
			);
			name = UploadDownloadTests;
			productName = UploadDownloadTests;
			productReference = D60F56EF206E30BC00C229DD /* UploadDownloadTests.xctest */;
			productType = "com.apple.product-type.bundle.unit-test";
		};
		D60F56F9206E30BC00C229DD /* UploadDownloadUITests */ = {
			isa = PBXNativeTarget;
			buildConfigurationList = D60F5709206E30BC00C229DD /* Build configuration list for PBXNativeTarget "UploadDownloadUITests" */;
			buildPhases = (
				D60F56F6206E30BC00C229DD /* Sources */,
				D60F56F7206E30BC00C229DD /* Frameworks */,
				D60F56F8206E30BC00C229DD /* Resources */,
			);
			buildRules = (
			);
			dependencies = (
				D60F56FC206E30BC00C229DD /* PBXTargetDependency */,
			);
			name = UploadDownloadUITests;
			productName = UploadDownloadUITests;
			productReference = D60F56FA206E30BC00C229DD /* UploadDownloadUITests.xctest */;
			productType = "com.apple.product-type.bundle.ui-testing";
		};
/* End PBXNativeTarget section */

/* Begin PBXProject section */
		D60F56CF206E30BC00C229DD /* Project object */ = {
			isa = PBXProject;
			attributes = {
				LastUpgradeCheck = 0920;
				ORGANIZATIONNAME = JasonZ;
				TargetAttributes = {
					D60F56D6206E30BC00C229DD = {
						CreatedOnToolsVersion = 9.2;
						ProvisioningStyle = Automatic;
					};
					D60F56EE206E30BC00C229DD = {
						CreatedOnToolsVersion = 9.2;
						ProvisioningStyle = Automatic;
						TestTargetID = D60F56D6206E30BC00C229DD;
					};
					D60F56F9206E30BC00C229DD = {
						CreatedOnToolsVersion = 9.2;
						ProvisioningStyle = Automatic;
						TestTargetID = D60F56D6206E30BC00C229DD;
					};
				};
			};
			buildConfigurationList = D60F56D2206E30BC00C229DD /* Build configuration list for PBXProject "UploadDownload" */;
			compatibilityVersion = "Xcode 8.0";
			developmentRegion = en;
			hasScannedForEncodings = 0;
			knownRegions = (
				en,
				Base,
			);
			mainGroup = D60F56CE206E30BC00C229DD;
			productRefGroup = D60F56D8206E30BC00C229DD /* Products */;
			projectDirPath = "";
			projectRoot = "";
			targets = (
				D60F56D6206E30BC00C229DD /* UploadDownload */,
				D60F56EE206E30BC00C229DD /* UploadDownloadTests */,
				D60F56F9206E30BC00C229DD /* UploadDownloadUITests */,
			);
		};
/* End PBXProject section */

/* Begin PBXResourcesBuildPhase section */
		D60F56D5206E30BC00C229DD /* Resources */ = {
			isa = PBXResourcesBuildPhase;
			buildActionMask = 2147483647;
			files = (
				D60F56E7206E30BC00C229DD /* LaunchScreen.storyboard in Resources */,
				D60F56E4206E30BC00C229DD /* Assets.xcassets in Resources */,
				D60F56E2206E30BC00C229DD /* Main.storyboard in Resources */,
			);
			runOnlyForDeploymentPostprocessing = 0;
		};
		D60F56ED206E30BC00C229DD /* Resources */ = {
			isa = PBXResourcesBuildPhase;
			buildActionMask = 2147483647;
			files = (
			);
			runOnlyForDeploymentPostprocessing = 0;
		};
		D60F56F8206E30BC00C229DD /* Resources */ = {
			isa = PBXResourcesBuildPhase;
			buildActionMask = 2147483647;
			files = (
			);
			runOnlyForDeploymentPostprocessing = 0;
		};
/* End PBXResourcesBuildPhase section */

/* Begin PBXSourcesBuildPhase section */
		D60F56D3206E30BC00C229DD /* Sources */ = {
			isa = PBXSourcesBuildPhase;
			buildActionMask = 2147483647;
			files = (
				D60F56DF206E30BC00C229DD /* ViewController.m in Sources */,
				D60F56EA206E30BC00C229DD /* main.m in Sources */,
				D60F56DC206E30BC00C229DD /* AppDelegate.m in Sources */,
			);
			runOnlyForDeploymentPostprocessing = 0;
		};
		D60F56EB206E30BC00C229DD /* Sources */ = {
			isa = PBXSourcesBuildPhase;
			buildActionMask = 2147483647;
			files = (
				D60F56F4206E30BC00C229DD /* UploadDownloadTests.m in Sources */,
			);
			runOnlyForDeploymentPostprocessing = 0;
		};
		D60F56F6206E30BC00C229DD /* Sources */ = {
			isa = PBXSourcesBuildPhase;
			buildActionMask = 2147483647;
			files = (
				D60F56FF206E30BC00C229DD /* UploadDownloadUITests.m in Sources */,
			);
			runOnlyForDeploymentPostprocessing = 0;
		};
/* End PBXSourcesBuildPhase section */

/* Begin PBXTargetDependency section */
		D60F56F1206E30BC00C229DD /* PBXTargetDependency */ = {
			isa = PBXTargetDependency;
			target = D60F56D6206E30BC00C229DD /* UploadDownload */;
			targetProxy = D60F56F0206E30BC00C229DD /* PBXContainerItemProxy */;
		};
		D60F56FC206E30BC00C229DD /* PBXTargetDependency */ = {
			isa = PBXTargetDependency;
			target = D60F56D6206E30BC00C229DD /* UploadDownload */;
			targetProxy = D60F56FB206E30BC00C229DD /* PBXContainerItemProxy */;
		};
/* End PBXTargetDependency section */

/* Begin PBXVariantGroup section */
		D60F56E0206E30BC00C229DD /* Main.storyboard */ = {
			isa = PBXVariantGroup;
			children = (
				D60F56E1206E30BC00C229DD /* Base */,
			);
			name = Main.storyboard;
			sourceTree = "<group>";
		};
		D60F56E5206E30BC00C229DD /* LaunchScreen.storyboard */ = {
			isa = PBXVariantGroup;
			children = (
				D60F56E6206E30BC00C229DD /* Base */,
			);
			name = LaunchScreen.storyboard;
			sourceTree = "<group>";
		};
/* End PBXVariantGroup section */

/* Begin XCBuildConfiguration section */
		D60F5701206E30BC00C229DD /* Debug */ = {
			isa = XCBuildConfiguration;
			buildSettings = {
				ALWAYS_SEARCH_USER_PATHS = NO;
				CLANG_ANALYZER_NONNULL = YES;
				CLANG_ANALYZER_NUMBER_OBJECT_CONVERSION = YES_AGGRESSIVE;
				CLANG_CXX_LANGUAGE_STANDARD = "gnu++14";
				CLANG_CXX_LIBRARY = "libc++";
				CLANG_ENABLE_MODULES = YES;
				CLANG_ENABLE_OBJC_ARC = YES;
				CLANG_WARN_BLOCK_CAPTURE_AUTORELEASING = YES;
				CLANG_WARN_BOOL_CONVERSION = YES;
				CLANG_WARN_COMMA = YES;
				CLANG_WARN_CONSTANT_CONVERSION = YES;
				CLANG_WARN_DIRECT_OBJC_ISA_USAGE = YES_ERROR;
				CLANG_WARN_DOCUMENTATION_COMMENTS = YES;
				CLANG_WARN_EMPTY_BODY = YES;
				CLANG_WARN_ENUM_CONVERSION = YES;
				CLANG_WARN_INFINITE_RECURSION = YES;
				CLANG_WARN_INT_CONVERSION = YES;
				CLANG_WARN_NON_LITERAL_NULL_CONVERSION = YES;
				CLANG_WARN_OBJC_LITERAL_CONVERSION = YES;
				CLANG_WARN_OBJC_ROOT_CLASS = YES_ERROR;
				CLANG_WARN_RANGE_LOOP_ANALYSIS = YES;
				CLANG_WARN_STRICT_PROTOTYPES = YES;
				CLANG_WARN_SUSPICIOUS_MOVE = YES;
				CLANG_WARN_UNGUARDED_AVAILABILITY = YES_AGGRESSIVE;
				CLANG_WARN_UNREACHABLE_CODE = YES;
				CLANG_WARN__DUPLICATE_METHOD_MATCH = YES;
				CODE_SIGN_IDENTITY = "iPhone Developer";
				COPY_PHASE_STRIP = NO;
				DEBUG_INFORMATION_FORMAT = dwarf;
				ENABLE_STRICT_OBJC_MSGSEND = YES;
				ENABLE_TESTABILITY = YES;
				GCC_C_LANGUAGE_STANDARD = gnu11;
				GCC_DYNAMIC_NO_PIC = NO;
				GCC_NO_COMMON_BLOCKS = YES;
				GCC_OPTIMIZATION_LEVEL = 0;
				GCC_PREPROCESSOR_DEFINITIONS = (
					"DEBUG=1",
					"$(inherited)",
				);
				GCC_WARN_64_TO_32_BIT_CONVERSION = YES;
				GCC_WARN_ABOUT_RETURN_TYPE = YES_ERROR;
				GCC_WARN_UNDECLARED_SELECTOR = YES;
				GCC_WARN_UNINITIALIZED_AUTOS = YES_AGGRESSIVE;
				GCC_WARN_UNUSED_FUNCTION = YES;
				GCC_WARN_UNUSED_VARIABLE = YES;
				IPHONEOS_DEPLOYMENT_TARGET = 11.2;
				MTL_ENABLE_DEBUG_INFO = YES;
				ONLY_ACTIVE_ARCH = YES;
				SDKROOT = iphoneos;
			};
			name = Debug;
		};
		D60F5702206E30BC00C229DD /* Release */ = {
			isa = XCBuildConfiguration;
			buildSettings = {
				ALWAYS_SEARCH_USER_PATHS = NO;
				CLANG_ANALYZER_NONNULL = YES;
				CLANG_ANALYZER_NUMBER_OBJECT_CONVERSION = YES_AGGRESSIVE;
				CLANG_CXX_LANGUAGE_STANDARD = "gnu++14";
				CLANG_CXX_LIBRARY = "libc++";
				CLANG_ENABLE_MODULES = YES;
				CLANG_ENABLE_OBJC_ARC = YES;
				CLANG_WARN_BLOCK_CAPTURE_AUTORELEASING = YES;
				CLANG_WARN_BOOL_CONVERSION = YES;
				CLANG_WARN_COMMA = YES;
				CLANG_WARN_CONSTANT_CONVERSION = YES;
				CLANG_WARN_DIRECT_OBJC_ISA_USAGE = YES_ERROR;
				CLANG_WARN_DOCUMENTATION_COMMENTS = YES;
				CLANG_WARN_EMPTY_BODY = YES;
				CLANG_WARN_ENUM_CONVERSION = YES;
				CLANG_WARN_INFINITE_RECURSION = YES;
				CLANG_WARN_INT_CONVERSION = YES;
				CLANG_WARN_NON_LITERAL_NULL_CONVERSION = YES;
				CLANG_WARN_OBJC_LITERAL_CONVERSION = YES;
				CLANG_WARN_OBJC_ROOT_CLASS = YES_ERROR;
				CLANG_WARN_RANGE_LOOP_ANALYSIS = YES;
				CLANG_WARN_STRICT_PROTOTYPES = YES;
				CLANG_WARN_SUSPICIOUS_MOVE = YES;
				CLANG_WARN_UNGUARDED_AVAILABILITY = YES_AGGRESSIVE;
				CLANG_WARN_UNREACHABLE_CODE = YES;
				CLANG_WARN__DUPLICATE_METHOD_MATCH = YES;
				CODE_SIGN_IDENTITY = "iPhone Developer";
				COPY_PHASE_STRIP = NO;
				DEBUG_INFORMATION_FORMAT = "dwarf-with-dsym";
				ENABLE_NS_ASSERTIONS = NO;
				ENABLE_STRICT_OBJC_MSGSEND = YES;
				GCC_C_LANGUAGE_STANDARD = gnu11;
				GCC_NO_COMMON_BLOCKS = YES;
				GCC_WARN_64_TO_32_BIT_CONVERSION = YES;
				GCC_WARN_ABOUT_RETURN_TYPE = YES_ERROR;
				GCC_WARN_UNDECLARED_SELECTOR = YES;
				GCC_WARN_UNINITIALIZED_AUTOS = YES_AGGRESSIVE;
				GCC_WARN_UNUSED_FUNCTION = YES;
				GCC_WARN_UNUSED_VARIABLE = YES;
				IPHONEOS_DEPLOYMENT_TARGET = 11.2;
				MTL_ENABLE_DEBUG_INFO = NO;
				SDKROOT = iphoneos;
				VALIDATE_PRODUCT = YES;
			};
			name = Release;
		};
		D60F5704206E30BC00C229DD /* Debug */ = {
			isa = XCBuildConfiguration;
			buildSettings = {
				ASSETCATALOG_COMPILER_APPICON_NAME = AppIcon;
				CODE_SIGN_STYLE = Automatic;
				INFOPLIST_FILE = UploadDownload/Info.plist;
				LD_RUNPATH_SEARCH_PATHS = "$(inherited) @executable_path/Frameworks";
				PRODUCT_BUNDLE_IDENTIFIER = xlab.UploadDownload;
				PRODUCT_NAME = "$(TARGET_NAME)";
				TARGETED_DEVICE_FAMILY = "1,2";
			};
			name = Debug;
		};
		D60F5705206E30BC00C229DD /* Release */ = {
			isa = XCBuildConfiguration;
			buildSettings = {
				ASSETCATALOG_COMPILER_APPICON_NAME = AppIcon;
				CODE_SIGN_STYLE = Automatic;
				INFOPLIST_FILE = UploadDownload/Info.plist;
				LD_RUNPATH_SEARCH_PATHS = "$(inherited) @executable_path/Frameworks";
				PRODUCT_BUNDLE_IDENTIFIER = xlab.UploadDownload;
				PRODUCT_NAME = "$(TARGET_NAME)";
				TARGETED_DEVICE_FAMILY = "1,2";
			};
			name = Release;
		};
		D60F5707206E30BC00C229DD /* Debug */ = {
			isa = XCBuildConfiguration;
			buildSettings = {
				BUNDLE_LOADER = "$(TEST_HOST)";
				CODE_SIGN_STYLE = Automatic;
				INFOPLIST_FILE = UploadDownloadTests/Info.plist;
				LD_RUNPATH_SEARCH_PATHS = "$(inherited) @executable_path/Frameworks @loader_path/Frameworks";
				PRODUCT_BUNDLE_IDENTIFIER = xlab.UploadDownloadTests;
				PRODUCT_NAME = "$(TARGET_NAME)";
				TARGETED_DEVICE_FAMILY = "1,2";
				TEST_HOST = "$(BUILT_PRODUCTS_DIR)/UploadDownload.app/UploadDownload";
			};
			name = Debug;
		};
		D60F5708206E30BC00C229DD /* Release */ = {
			isa = XCBuildConfiguration;
			buildSettings = {
				BUNDLE_LOADER = "$(TEST_HOST)";
				CODE_SIGN_STYLE = Automatic;
				INFOPLIST_FILE = UploadDownloadTests/Info.plist;
				LD_RUNPATH_SEARCH_PATHS = "$(inherited) @executable_path/Frameworks @loader_path/Frameworks";
				PRODUCT_BUNDLE_IDENTIFIER = xlab.UploadDownloadTests;
				PRODUCT_NAME = "$(TARGET_NAME)";
				TARGETED_DEVICE_FAMILY = "1,2";
				TEST_HOST = "$(BUILT_PRODUCTS_DIR)/UploadDownload.app/UploadDownload";
			};
			name = Release;
		};
		D60F570A206E30BC00C229DD /* Debug */ = {
			isa = XCBuildConfiguration;
			buildSettings = {
				CODE_SIGN_STYLE = Automatic;
				INFOPLIST_FILE = UploadDownloadUITests/Info.plist;
				LD_RUNPATH_SEARCH_PATHS = "$(inherited) @executable_path/Frameworks @loader_path/Frameworks";
				PRODUCT_BUNDLE_IDENTIFIER = xlab.UploadDownloadUITests;
				PRODUCT_NAME = "$(TARGET_NAME)";
				TARGETED_DEVICE_FAMILY = "1,2";
				TEST_TARGET_NAME = UploadDownload;
			};
			name = Debug;
		};
		D60F570B206E30BC00C229DD /* Release */ = {
			isa = XCBuildConfiguration;
			buildSettings = {
				CODE_SIGN_STYLE = Automatic;
				INFOPLIST_FILE = UploadDownloadUITests/Info.plist;
				LD_RUNPATH_SEARCH_PATHS = "$(inherited) @executable_path/Frameworks @loader_path/Frameworks";
				PRODUCT_BUNDLE_IDENTIFIER = xlab.UploadDownloadUITests;
				PRODUCT_NAME = "$(TARGET_NAME)";
				TARGETED_DEVICE_FAMILY = "1,2";
				TEST_TARGET_NAME = UploadDownload;
			};
			name = Release;
		};
/* End XCBuildConfiguration section */

/* Begin XCConfigurationList section */
		D60F56D2206E30BC00C229DD /* Build configuration list for PBXProject "UploadDownload" */ = {
			isa = XCConfigurationList;
			buildConfigurations = (
				D60F5701206E30BC00C229DD /* Debug */,
				D60F5702206E30BC00C229DD /* Release */,
			);
			defaultConfigurationIsVisible = 0;
			defaultConfigurationName = Release;
		};
		D60F5703206E30BC00C229DD /* Build configuration list for PBXNativeTarget "UploadDownload" */ = {
			isa = XCConfigurationList;
			buildConfigurations = (
				D60F5704206E30BC00C229DD /* Debug */,
				D60F5705206E30BC00C229DD /* Release */,
			);
			defaultConfigurationIsVisible = 0;
			defaultConfigurationName = Release;
		};
		D60F5706206E30BC00C229DD /* Build configuration list for PBXNativeTarget "UploadDownloadTests" */ = {
			isa = XCConfigurationList;
			buildConfigurations = (
				D60F5707206E30BC00C229DD /* Debug */,
				D60F5708206E30BC00C229DD /* Release */,
			);
			defaultConfigurationIsVisible = 0;
			defaultConfigurationName = Release;
		};
		D60F5709206E30BC00C229DD /* Build configuration list for PBXNativeTarget "UploadDownloadUITests" */ = {
			isa = XCConfigurationList;
			buildConfigurations = (
				D60F570A206E30BC00C229DD /* Debug */,
				D60F570B206E30BC00C229DD /* Release */,
			);
			defaultConfigurationIsVisible = 0;
			defaultConfigurationName = Release;
		};
/* End XCConfigurationList section */
	};
	rootObject = D60F56CF206E30BC00C229DD /* Project object */;
}
