// !$*UTF8*$!
{
	archiveVersion = 1;
	classes = {
	};
	objectVersion = 50;
	objects = {

/* Begin PBXBuildFile section */
		D6A76CA220BEB10E00923C02 /* AppDelegate.m in Sources */ = {isa = PBXBuildFile; fileRef = D6A76CA120BEB10E00923C02 /* AppDelegate.m */; };
		D6A76CA520BEB10E00923C02 /* ViewController.m in Sources */ = {isa = PBXBuildFile; fileRef = D6A76CA420BEB10E00923C02 /* ViewController.m */; };
		D6A76CA820BEB10E00923C02 /* Main.storyboard in Resources */ = {isa = PBXBuildFile; fileRef = D6A76CA620BEB10E00923C02 /* Main.storyboard */; };
		D6A76CAA20BEB10F00923C02 /* Assets.xcassets in Resources */ = {isa = PBXBuildFile; fileRef = D6A76CA920BEB10F00923C02 /* Assets.xcassets */; };
		D6A76CAD20BEB10F00923C02 /* LaunchScreen.storyboard in Resources */ = {isa = PBXBuildFile; fileRef = D6A76CAB20BEB10F00923C02 /* LaunchScreen.storyboard */; };
		D6A76CB020BEB10F00923C02 /* main.m in Sources */ = {isa = PBXBuildFile; fileRef = D6A76CAF20BEB10F00923C02 /* main.m */; };
		D6A76CBA20BEB10F00923C02 /* AutoLayoutTests.m in Sources */ = {isa = PBXBuildFile; fileRef = D6A76CB920BEB10F00923C02 /* AutoLayoutTests.m */; };
		D6A76CC520BEB10F00923C02 /* AutoLayoutUITests.m in Sources */ = {isa = PBXBuildFile; fileRef = D6A76CC420BEB10F00923C02 /* AutoLayoutUITests.m */; };
/* End PBXBuildFile section */

/* Begin PBXContainerItemProxy section */
		D6A76CB620BEB10F00923C02 /* PBXContainerItemProxy */ = {
			isa = PBXContainerItemProxy;
			containerPortal = D6A76C9520BEB10E00923C02 /* Project object */;
			proxyType = 1;
			remoteGlobalIDString = D6A76C9C20BEB10E00923C02;
			remoteInfo = AutoLayout;
		};
		D6A76CC120BEB10F00923C02 /* PBXContainerItemProxy */ = {
			isa = PBXContainerItemProxy;
			containerPortal = D6A76C9520BEB10E00923C02 /* Project object */;
			proxyType = 1;
			remoteGlobalIDString = D6A76C9C20BEB10E00923C02;
			remoteInfo = AutoLayout;
		};
/* End PBXContainerItemProxy section */

/* Begin PBXFileReference section */
		D6A76C9D20BEB10E00923C02 /* AutoLayout.app */ = {isa = PBXFileReference; explicitFileType = wrapper.application; includeInIndex = 0; path = AutoLayout.app; sourceTree = BUILT_PRODUCTS_DIR; };
		D6A76CA020BEB10E00923C02 /* AppDelegate.h */ = {isa = PBXFileReference; lastKnownFileType = sourcecode.c.h; path = AppDelegate.h; sourceTree = "<group>"; };
		D6A76CA120BEB10E00923C02 /* AppDelegate.m */ = {isa = PBXFileReference; lastKnownFileType = sourcecode.c.objc; path = AppDelegate.m; sourceTree = "<group>"; };
		D6A76CA320BEB10E00923C02 /* ViewController.h */ = {isa = PBXFileReference; lastKnownFileType = sourcecode.c.h; path = ViewController.h; sourceTree = "<group>"; };
		D6A76CA420BEB10E00923C02 /* ViewController.m */ = {isa = PBXFileReference; lastKnownFileType = sourcecode.c.objc; path = ViewController.m; sourceTree = "<group>"; };
		D6A76CA720BEB10E00923C02 /* Base */ = {isa = PBXFileReference; lastKnownFileType = file.storyboard; name = Base; path = Base.lproj/Main.storyboard; sourceTree = "<group>"; };
		D6A76CA920BEB10F00923C02 /* Assets.xcassets */ = {isa = PBXFileReference; lastKnownFileType = folder.assetcatalog; path = Assets.xcassets; sourceTree = "<group>"; };
		D6A76CAC20BEB10F00923C02 /* Base */ = {isa = PBXFileReference; lastKnownFileType = file.storyboard; name = Base; path = Base.lproj/LaunchScreen.storyboard; sourceTree = "<group>"; };
		D6A76CAE20BEB10F00923C02 /* Info.plist */ = {isa = PBXFileReference; lastKnownFileType = text.plist.xml; path = Info.plist; sourceTree = "<group>"; };
		D6A76CAF20BEB10F00923C02 /* main.m */ = {isa = PBXFileReference; lastKnownFileType = sourcecode.c.objc; path = main.m; sourceTree = "<group>"; };
		D6A76CB520BEB10F00923C02 /* AutoLayoutTests.xctest */ = {isa = PBXFileReference; explicitFileType = wrapper.cfbundle; includeInIndex = 0; path = AutoLayoutTests.xctest; sourceTree = BUILT_PRODUCTS_DIR; };
		D6A76CB920BEB10F00923C02 /* AutoLayoutTests.m */ = {isa = PBXFileReference; lastKnownFileType = sourcecode.c.objc; path = AutoLayoutTests.m; sourceTree = "<group>"; };
		D6A76CBB20BEB10F00923C02 /* Info.plist */ = {isa = PBXFileReference; lastKnownFileType = text.plist.xml; path = Info.plist; sourceTree = "<group>"; };
		D6A76CC020BEB10F00923C02 /* AutoLayoutUITests.xctest */ = {isa = PBXFileReference; explicitFileType = wrapper.cfbundle; includeInIndex = 0; path = AutoLayoutUITests.xctest; sourceTree = BUILT_PRODUCTS_DIR; };
		D6A76CC420BEB10F00923C02 /* AutoLayoutUITests.m */ = {isa = PBXFileReference; lastKnownFileType = sourcecode.c.objc; path = AutoLayoutUITests.m; sourceTree = "<group>"; };
		D6A76CC620BEB10F00923C02 /* Info.plist */ = {isa = PBXFileReference; lastKnownFileType = text.plist.xml; path = Info.plist; sourceTree = "<group>"; };
/* End PBXFileReference section */

/* Begin PBXFrameworksBuildPhase section */
		D6A76C9A20BEB10E00923C02 /* Frameworks */ = {
			isa = PBXFrameworksBuildPhase;
			buildActionMask = 2147483647;
			files = (
			);
			runOnlyForDeploymentPostprocessing = 0;
		};
		D6A76CB220BEB10F00923C02 /* Frameworks */ = {
			isa = PBXFrameworksBuildPhase;
			buildActionMask = 2147483647;
			files = (
			);
			runOnlyForDeploymentPostprocessing = 0;
		};
		D6A76CBD20BEB10F00923C02 /* Frameworks */ = {
			isa = PBXFrameworksBuildPhase;
			buildActionMask = 2147483647;
			files = (
			);
			runOnlyForDeploymentPostprocessing = 0;
		};
/* End PBXFrameworksBuildPhase section */

/* Begin PBXGroup section */
		D6A76C9420BEB10E00923C02 = {
			isa = PBXGroup;
			children = (
				D6A76C9F20BEB10E00923C02 /* AutoLayout */,
				D6A76CB820BEB10F00923C02 /* AutoLayoutTests */,
				D6A76CC320BEB10F00923C02 /* AutoLayoutUITests */,
				D6A76C9E20BEB10E00923C02 /* Products */,
			);
			sourceTree = "<group>";
		};
		D6A76C9E20BEB10E00923C02 /* Products */ = {
			isa = PBXGroup;
			children = (
				D6A76C9D20BEB10E00923C02 /* AutoLayout.app */,
				D6A76CB520BEB10F00923C02 /* AutoLayoutTests.xctest */,
				D6A76CC020BEB10F00923C02 /* AutoLayoutUITests.xctest */,
			);
			name = Products;
			sourceTree = "<group>";
		};
		D6A76C9F20BEB10E00923C02 /* AutoLayout */ = {
			isa = PBXGroup;
			children = (
				D6A76CA020BEB10E00923C02 /* AppDelegate.h */,
				D6A76CA120BEB10E00923C02 /* AppDelegate.m */,
				D6A76CA320BEB10E00923C02 /* ViewController.h */,
				D6A76CA420BEB10E00923C02 /* ViewController.m */,
				D6A76CA620BEB10E00923C02 /* Main.storyboard */,
				D6A76CA920BEB10F00923C02 /* Assets.xcassets */,
				D6A76CAB20BEB10F00923C02 /* LaunchScreen.storyboard */,
				D6A76CAE20BEB10F00923C02 /* Info.plist */,
				D6A76CAF20BEB10F00923C02 /* main.m */,
			);
			path = AutoLayout;
			sourceTree = "<group>";
		};
		D6A76CB820BEB10F00923C02 /* AutoLayoutTests */ = {
			isa = PBXGroup;
			children = (
				D6A76CB920BEB10F00923C02 /* AutoLayoutTests.m */,
				D6A76CBB20BEB10F00923C02 /* Info.plist */,
			);
			path = AutoLayoutTests;
			sourceTree = "<group>";
		};
		D6A76CC320BEB10F00923C02 /* AutoLayoutUITests */ = {
			isa = PBXGroup;
			children = (
				D6A76CC420BEB10F00923C02 /* AutoLayoutUITests.m */,
				D6A76CC620BEB10F00923C02 /* Info.plist */,
			);
			path = AutoLayoutUITests;
			sourceTree = "<group>";
		};
/* End PBXGroup section */

/* Begin PBXNativeTarget section */
		D6A76C9C20BEB10E00923C02 /* AutoLayout */ = {
			isa = PBXNativeTarget;
			buildConfigurationList = D6A76CC920BEB10F00923C02 /* Build configuration list for PBXNativeTarget "AutoLayout" */;
			buildPhases = (
				D6A76C9920BEB10E00923C02 /* Sources */,
				D6A76C9A20BEB10E00923C02 /* Frameworks */,
				D6A76C9B20BEB10E00923C02 /* Resources */,
			);
			buildRules = (
			);
			dependencies = (
			);
			name = AutoLayout;
			productName = AutoLayout;
			productReference = D6A76C9D20BEB10E00923C02 /* AutoLayout.app */;
			productType = "com.apple.product-type.application";
		};
		D6A76CB420BEB10F00923C02 /* AutoLayoutTests */ = {
			isa = PBXNativeTarget;
			buildConfigurationList = D6A76CCC20BEB10F00923C02 /* Build configuration list for PBXNativeTarget "AutoLayoutTests" */;
			buildPhases = (
				D6A76CB120BEB10F00923C02 /* Sources */,
				D6A76CB220BEB10F00923C02 /* Frameworks */,
				D6A76CB320BEB10F00923C02 /* Resources */,
			);
			buildRules = (
			);
			dependencies = (
				D6A76CB720BEB10F00923C02 /* PBXTargetDependency */,
			);
			name = AutoLayoutTests;
			productName = AutoLayoutTests;
			productReference = D6A76CB520BEB10F00923C02 /* AutoLayoutTests.xctest */;
			productType = "com.apple.product-type.bundle.unit-test";
		};
		D6A76CBF20BEB10F00923C02 /* AutoLayoutUITests */ = {
			isa = PBXNativeTarget;
			buildConfigurationList = D6A76CCF20BEB10F00923C02 /* Build configuration list for PBXNativeTarget "AutoLayoutUITests" */;
			buildPhases = (
				D6A76CBC20BEB10F00923C02 /* Sources */,
				D6A76CBD20BEB10F00923C02 /* Frameworks */,
				D6A76CBE20BEB10F00923C02 /* Resources */,
			);
			buildRules = (
			);
			dependencies = (
				D6A76CC220BEB10F00923C02 /* PBXTargetDependency */,
			);
			name = AutoLayoutUITests;
			productName = AutoLayoutUITests;
			productReference = D6A76CC020BEB10F00923C02 /* AutoLayoutUITests.xctest */;
			productType = "com.apple.product-type.bundle.ui-testing";
		};
/* End PBXNativeTarget section */

/* Begin PBXProject section */
		D6A76C9520BEB10E00923C02 /* Project object */ = {
			isa = PBXProject;
			attributes = {
				LastUpgradeCheck = 0930;
				ORGANIZATIONNAME = JasonZ;
				TargetAttributes = {
					D6A76C9C20BEB10E00923C02 = {
						CreatedOnToolsVersion = 9.3;
					};
					D6A76CB420BEB10F00923C02 = {
						CreatedOnToolsVersion = 9.3;
						TestTargetID = D6A76C9C20BEB10E00923C02;
					};
					D6A76CBF20BEB10F00923C02 = {
						CreatedOnToolsVersion = 9.3;
						TestTargetID = D6A76C9C20BEB10E00923C02;
					};
				};
			};
			buildConfigurationList = D6A76C9820BEB10E00923C02 /* Build configuration list for PBXProject "AutoLayout" */;
			compatibilityVersion = "Xcode 9.3";
			developmentRegion = en;
			hasScannedForEncodings = 0;
			knownRegions = (
				en,
				Base,
			);
			mainGroup = D6A76C9420BEB10E00923C02;
			productRefGroup = D6A76C9E20BEB10E00923C02 /* Products */;
			projectDirPath = "";
			projectRoot = "";
			targets = (
				D6A76C9C20BEB10E00923C02 /* AutoLayout */,
				D6A76CB420BEB10F00923C02 /* AutoLayoutTests */,
				D6A76CBF20BEB10F00923C02 /* AutoLayoutUITests */,
			);
		};
/* End PBXProject section */

/* Begin PBXResourcesBuildPhase section */
		D6A76C9B20BEB10E00923C02 /* Resources */ = {
			isa = PBXResourcesBuildPhase;
			buildActionMask = 2147483647;
			files = (
				D6A76CAD20BEB10F00923C02 /* LaunchScreen.storyboard in Resources */,
				D6A76CAA20BEB10F00923C02 /* Assets.xcassets in Resources */,
				D6A76CA820BEB10E00923C02 /* Main.storyboard in Resources */,
			);
			runOnlyForDeploymentPostprocessing = 0;
		};
		D6A76CB320BEB10F00923C02 /* Resources */ = {
			isa = PBXResourcesBuildPhase;
			buildActionMask = 2147483647;
			files = (
			);
			runOnlyForDeploymentPostprocessing = 0;
		};
		D6A76CBE20BEB10F00923C02 /* Resources */ = {
			isa = PBXResourcesBuildPhase;
			buildActionMask = 2147483647;
			files = (
			);
			runOnlyForDeploymentPostprocessing = 0;
		};
/* End PBXResourcesBuildPhase section */

/* Begin PBXSourcesBuildPhase section */
		D6A76C9920BEB10E00923C02 /* Sources */ = {
			isa = PBXSourcesBuildPhase;
			buildActionMask = 2147483647;
			files = (
				D6A76CA520BEB10E00923C02 /* ViewController.m in Sources */,
				D6A76CB020BEB10F00923C02 /* main.m in Sources */,
				D6A76CA220BEB10E00923C02 /* AppDelegate.m in Sources */,
			);
			runOnlyForDeploymentPostprocessing = 0;
		};
		D6A76CB120BEB10F00923C02 /* Sources */ = {
			isa = PBXSourcesBuildPhase;
			buildActionMask = 2147483647;
			files = (
				D6A76CBA20BEB10F00923C02 /* AutoLayoutTests.m in Sources */,
			);
			runOnlyForDeploymentPostprocessing = 0;
		};
		D6A76CBC20BEB10F00923C02 /* Sources */ = {
			isa = PBXSourcesBuildPhase;
			buildActionMask = 2147483647;
			files = (
				D6A76CC520BEB10F00923C02 /* AutoLayoutUITests.m in Sources */,
			);
			runOnlyForDeploymentPostprocessing = 0;
		};
/* End PBXSourcesBuildPhase section */

/* Begin PBXTargetDependency section */
		D6A76CB720BEB10F00923C02 /* PBXTargetDependency */ = {
			isa = PBXTargetDependency;
			target = D6A76C9C20BEB10E00923C02 /* AutoLayout */;
			targetProxy = D6A76CB620BEB10F00923C02 /* PBXContainerItemProxy */;
		};
		D6A76CC220BEB10F00923C02 /* PBXTargetDependency */ = {
			isa = PBXTargetDependency;
			target = D6A76C9C20BEB10E00923C02 /* AutoLayout */;
			targetProxy = D6A76CC120BEB10F00923C02 /* PBXContainerItemProxy */;
		};
/* End PBXTargetDependency section */

/* Begin PBXVariantGroup section */
		D6A76CA620BEB10E00923C02 /* Main.storyboard */ = {
			isa = PBXVariantGroup;
			children = (
				D6A76CA720BEB10E00923C02 /* Base */,
			);
			name = Main.storyboard;
			sourceTree = "<group>";
		};
		D6A76CAB20BEB10F00923C02 /* LaunchScreen.storyboard */ = {
			isa = PBXVariantGroup;
			children = (
				D6A76CAC20BEB10F00923C02 /* Base */,
			);
			name = LaunchScreen.storyboard;
			sourceTree = "<group>";
		};
/* End PBXVariantGroup section */

/* Begin XCBuildConfiguration section */
		D6A76CC720BEB10F00923C02 /* Debug */ = {
			isa = XCBuildConfiguration;
			buildSettings = {
				ALWAYS_SEARCH_USER_PATHS = NO;
				CLANG_ANALYZER_NONNULL = YES;
				CLANG_ANALYZER_NUMBER_OBJECT_CONVERSION = YES_AGGRESSIVE;
				CLANG_CXX_LANGUAGE_STANDARD = "gnu++14";
				CLANG_CXX_LIBRARY = "libc++";
				CLANG_ENABLE_MODULES = YES;
				CLANG_ENABLE_OBJC_ARC = YES;
				CLANG_ENABLE_OBJC_WEAK = YES;
				CLANG_WARN_BLOCK_CAPTURE_AUTORELEASING = YES;
				CLANG_WARN_BOOL_CONVERSION = YES;
				CLANG_WARN_COMMA = YES;
				CLANG_WARN_CONSTANT_CONVERSION = YES;
				CLANG_WARN_DEPRECATED_OBJC_IMPLEMENTATIONS = YES;
				CLANG_WARN_DIRECT_OBJC_ISA_USAGE = YES_ERROR;
				CLANG_WARN_DOCUMENTATION_COMMENTS = YES;
				CLANG_WARN_EMPTY_BODY = YES;
				CLANG_WARN_ENUM_CONVERSION = YES;
				CLANG_WARN_INFINITE_RECURSION = YES;
				CLANG_WARN_INT_CONVERSION = YES;
				CLANG_WARN_NON_LITERAL_NULL_CONVERSION = YES;
				CLANG_WARN_OBJC_IMPLICIT_RETAIN_SELF = YES;
				CLANG_WARN_OBJC_LITERAL_CONVERSION = YES;
				CLANG_WARN_OBJC_ROOT_CLASS = YES_ERROR;
				CLANG_WARN_RANGE_LOOP_ANALYSIS = YES;
				CLANG_WARN_STRICT_PROTOTYPES = YES;
				CLANG_WARN_SUSPICIOUS_MOVE = YES;
				CLANG_WARN_UNGUARDED_AVAILABILITY = YES_AGGRESSIVE;
				CLANG_WARN_UNREACHABLE_CODE = YES;
				CLANG_WARN__DUPLICATE_METHOD_MATCH = YES;
				CODE_SIGN_IDENTITY = "iPhone Developer";
				COPY_PHASE_STRIP = NO;
				DEBUG_INFORMATION_FORMAT = dwarf;
				ENABLE_STRICT_OBJC_MSGSEND = YES;
				ENABLE_TESTABILITY = YES;
				GCC_C_LANGUAGE_STANDARD = gnu11;
				GCC_DYNAMIC_NO_PIC = NO;
				GCC_NO_COMMON_BLOCKS = YES;
				GCC_OPTIMIZATION_LEVEL = 0;
				GCC_PREPROCESSOR_DEFINITIONS = (
					"DEBUG=1",
					"$(inherited)",
				);
				GCC_WARN_64_TO_32_BIT_CONVERSION = YES;
				GCC_WARN_ABOUT_RETURN_TYPE = YES_ERROR;
				GCC_WARN_UNDECLARED_SELECTOR = YES;
				GCC_WARN_UNINITIALIZED_AUTOS = YES_AGGRESSIVE;
				GCC_WARN_UNUSED_FUNCTION = YES;
				GCC_WARN_UNUSED_VARIABLE = YES;
				IPHONEOS_DEPLOYMENT_TARGET = 11.3;
				MTL_ENABLE_DEBUG_INFO = YES;
				ONLY_ACTIVE_ARCH = YES;
				SDKROOT = iphoneos;
			};
			name = Debug;
		};
		D6A76CC820BEB10F00923C02 /* Release */ = {
			isa = XCBuildConfiguration;
			buildSettings = {
				ALWAYS_SEARCH_USER_PATHS = NO;
				CLANG_ANALYZER_NONNULL = YES;
				CLANG_ANALYZER_NUMBER_OBJECT_CONVERSION = YES_AGGRESSIVE;
				CLANG_CXX_LANGUAGE_STANDARD = "gnu++14";
				CLANG_CXX_LIBRARY = "libc++";
				CLANG_ENABLE_MODULES = YES;
				CLANG_ENABLE_OBJC_ARC = YES;
				CLANG_ENABLE_OBJC_WEAK = YES;
				CLANG_WARN_BLOCK_CAPTURE_AUTORELEASING = YES;
				CLANG_WARN_BOOL_CONVERSION = YES;
				CLANG_WARN_COMMA = YES;
				CLANG_WARN_CONSTANT_CONVERSION = YES;
				CLANG_WARN_DEPRECATED_OBJC_IMPLEMENTATIONS = YES;
				CLANG_WARN_DIRECT_OBJC_ISA_USAGE = YES_ERROR;
				CLANG_WARN_DOCUMENTATION_COMMENTS = YES;
				CLANG_WARN_EMPTY_BODY = YES;
				CLANG_WARN_ENUM_CONVERSION = YES;
				CLANG_WARN_INFINITE_RECURSION = YES;
				CLANG_WARN_INT_CONVERSION = YES;
				CLANG_WARN_NON_LITERAL_NULL_CONVERSION = YES;
				CLANG_WARN_OBJC_IMPLICIT_RETAIN_SELF = YES;
				CLANG_WARN_OBJC_LITERAL_CONVERSION = YES;
				CLANG_WARN_OBJC_ROOT_CLASS = YES_ERROR;
				CLANG_WARN_RANGE_LOOP_ANALYSIS = YES;
				CLANG_WARN_STRICT_PROTOTYPES = YES;
				CLANG_WARN_SUSPICIOUS_MOVE = YES;
				CLANG_WARN_UNGUARDED_AVAILABILITY = YES_AGGRESSIVE;
				CLANG_WARN_UNREACHABLE_CODE = YES;
				CLANG_WARN__DUPLICATE_METHOD_MATCH = YES;
				CODE_SIGN_IDENTITY = "iPhone Developer";
				COPY_PHASE_STRIP = NO;
				DEBUG_INFORMATION_FORMAT = "dwarf-with-dsym";
				ENABLE_NS_ASSERTIONS = NO;
				ENABLE_STRICT_OBJC_MSGSEND = YES;
				GCC_C_LANGUAGE_STANDARD = gnu11;
				GCC_NO_COMMON_BLOCKS = YES;
				GCC_WARN_64_TO_32_BIT_CONVERSION = YES;
				GCC_WARN_ABOUT_RETURN_TYPE = YES_ERROR;
				GCC_WARN_UNDECLARED_SELECTOR = YES;
				GCC_WARN_UNINITIALIZED_AUTOS = YES_AGGRESSIVE;
				GCC_WARN_UNUSED_FUNCTION = YES;
				GCC_WARN_UNUSED_VARIABLE = YES;
				IPHONEOS_DEPLOYMENT_TARGET = 11.3;
				MTL_ENABLE_DEBUG_INFO = NO;
				SDKROOT = iphoneos;
				VALIDATE_PRODUCT = YES;
			};
			name = Release;
		};
		D6A76CCA20BEB10F00923C02 /* Debug */ = {
			isa = XCBuildConfiguration;
			buildSettings = {
				ASSETCATALOG_COMPILER_APPICON_NAME = AppIcon;
				CODE_SIGN_STYLE = Automatic;
				INFOPLIST_FILE = AutoLayout/Info.plist;
				LD_RUNPATH_SEARCH_PATHS = (
					"$(inherited)",
					"@executable_path/Frameworks",
				);
				PRODUCT_BUNDLE_IDENTIFIER = xlab.AutoLayout;
				PRODUCT_NAME = "$(TARGET_NAME)";
				TARGETED_DEVICE_FAMILY = "1,2";
			};
			name = Debug;
		};
		D6A76CCB20BEB10F00923C02 /* Release */ = {
			isa = XCBuildConfiguration;
			buildSettings = {
				ASSETCATALOG_COMPILER_APPICON_NAME = AppIcon;
				CODE_SIGN_STYLE = Automatic;
				INFOPLIST_FILE = AutoLayout/Info.plist;
				LD_RUNPATH_SEARCH_PATHS = (
					"$(inherited)",
					"@executable_path/Frameworks",
				);
				PRODUCT_BUNDLE_IDENTIFIER = xlab.AutoLayout;
				PRODUCT_NAME = "$(TARGET_NAME)";
				TARGETED_DEVICE_FAMILY = "1,2";
			};
			name = Release;
		};
		D6A76CCD20BEB10F00923C02 /* Debug */ = {
			isa = XCBuildConfiguration;
			buildSettings = {
				BUNDLE_LOADER = "$(TEST_HOST)";
				CODE_SIGN_STYLE = Automatic;
				INFOPLIST_FILE = AutoLayoutTests/Info.plist;
				LD_RUNPATH_SEARCH_PATHS = (
					"$(inherited)",
					"@executable_path/Frameworks",
					"@loader_path/Frameworks",
				);
				PRODUCT_BUNDLE_IDENTIFIER = xlab.AutoLayoutTests;
				PRODUCT_NAME = "$(TARGET_NAME)";
				TARGETED_DEVICE_FAMILY = "1,2";
				TEST_HOST = "$(BUILT_PRODUCTS_DIR)/AutoLayout.app/AutoLayout";
			};
			name = Debug;
		};
		D6A76CCE20BEB10F00923C02 /* Release */ = {
			isa = XCBuildConfiguration;
			buildSettings = {
				BUNDLE_LOADER = "$(TEST_HOST)";
				CODE_SIGN_STYLE = Automatic;
				INFOPLIST_FILE = AutoLayoutTests/Info.plist;
				LD_RUNPATH_SEARCH_PATHS = (
					"$(inherited)",
					"@executable_path/Frameworks",
					"@loader_path/Frameworks",
				);
				PRODUCT_BUNDLE_IDENTIFIER = xlab.AutoLayoutTests;
				PRODUCT_NAME = "$(TARGET_NAME)";
				TARGETED_DEVICE_FAMILY = "1,2";
				TEST_HOST = "$(BUILT_PRODUCTS_DIR)/AutoLayout.app/AutoLayout";
			};
			name = Release;
		};
		D6A76CD020BEB10F00923C02 /* Debug */ = {
			isa = XCBuildConfiguration;
			buildSettings = {
				CODE_SIGN_STYLE = Automatic;
				INFOPLIST_FILE = AutoLayoutUITests/Info.plist;
				LD_RUNPATH_SEARCH_PATHS = (
					"$(inherited)",
					"@executable_path/Frameworks",
					"@loader_path/Frameworks",
				);
				PRODUCT_BUNDLE_IDENTIFIER = xlab.AutoLayoutUITests;
				PRODUCT_NAME = "$(TARGET_NAME)";
				TARGETED_DEVICE_FAMILY = "1,2";
				TEST_TARGET_NAME = AutoLayout;
			};
			name = Debug;
		};
		D6A76CD120BEB10F00923C02 /* Release */ = {
			isa = XCBuildConfiguration;
			buildSettings = {
				CODE_SIGN_STYLE = Automatic;
				INFOPLIST_FILE = AutoLayoutUITests/Info.plist;
				LD_RUNPATH_SEARCH_PATHS = (
					"$(inherited)",
					"@executable_path/Frameworks",
					"@loader_path/Frameworks",
				);
				PRODUCT_BUNDLE_IDENTIFIER = xlab.AutoLayoutUITests;
				PRODUCT_NAME = "$(TARGET_NAME)";
				TARGETED_DEVICE_FAMILY = "1,2";
				TEST_TARGET_NAME = AutoLayout;
			};
			name = Release;
		};
/* End XCBuildConfiguration section */

/* Begin XCConfigurationList section */
		D6A76C9820BEB10E00923C02 /* Build configuration list for PBXProject "AutoLayout" */ = {
			isa = XCConfigurationList;
			buildConfigurations = (
				D6A76CC720BEB10F00923C02 /* Debug */,
				D6A76CC820BEB10F00923C02 /* Release */,
			);
			defaultConfigurationIsVisible = 0;
			defaultConfigurationName = Release;
		};
		D6A76CC920BEB10F00923C02 /* Build configuration list for PBXNativeTarget "AutoLayout" */ = {
			isa = XCConfigurationList;
			buildConfigurations = (
				D6A76CCA20BEB10F00923C02 /* Debug */,
				D6A76CCB20BEB10F00923C02 /* Release */,
			);
			defaultConfigurationIsVisible = 0;
			defaultConfigurationName = Release;
		};
		D6A76CCC20BEB10F00923C02 /* Build configuration list for PBXNativeTarget "AutoLayoutTests" */ = {
			isa = XCConfigurationList;
			buildConfigurations = (
				D6A76CCD20BEB10F00923C02 /* Debug */,
				D6A76CCE20BEB10F00923C02 /* Release */,
			);
			defaultConfigurationIsVisible = 0;
			defaultConfigurationName = Release;
		};
		D6A76CCF20BEB10F00923C02 /* Build configuration list for PBXNativeTarget "AutoLayoutUITests" */ = {
			isa = XCConfigurationList;
			buildConfigurations = (
				D6A76CD020BEB10F00923C02 /* Debug */,
				D6A76CD120BEB10F00923C02 /* Release */,
			);
			defaultConfigurationIsVisible = 0;
			defaultConfigurationName = Release;
		};
/* End XCConfigurationList section */
	};
	rootObject = D6A76C9520BEB10E00923C02 /* Project object */;
}
